
Microsoft Visual Studio Solution File, Format Version 12.00
# Visual Studio Version 17
VisualStudioVersion = 17.3.32929.385
MinimumVisualStudioVersion = 10.0.40219.1
Project("{FAE04EC0-301F-11D3-BF4B-00C04F79EFBC}") = "EMedicineBE", "EMedicineBE\EMedicineBE.csproj", "{45D7CB45-2C6C-4F21-9A9B-36AEDEECB244}"
EndProject
Global
	GlobalSection(SolutionConfigurationPlatforms) = preSolution
		Debug|Any CPU = Debug|Any CPU
		Release|Any CPU = Release|Any CPU
	EndGlobalSection
	GlobalSection(ProjectConfigurationPlatforms) = postSolution
		{45D7CB45-2C6C-4F21-9A9B-36AEDEECB244}.Debug|Any CPU.ActiveCfg = Debug|Any CPU
		{45D7CB45-2C6C-4F21-9A9B-36AEDEECB244}.Debug|Any CPU.Build.0 = Debug|Any CPU
		{45D7CB45-2C6C-4F21-9A9B-36AEDEECB244}.Release|Any CPU.ActiveCfg = Release|Any CPU
		{45D7CB45-2C6C-4F21-9A9B-36AEDEECB244}.Release|Any CPU.Build.0 = Release|Any CPU
	EndGlobalSection
	GlobalSection(SolutionProperties) = preSolution
		HideSolutionNode = FALSE
	EndGlobalSection
	GlobalSection(ExtensibilityGlobals) = postSolution
		SolutionGuid = {A793E90C-ACA0-4AC6-B303-065781D092FE}
	EndGlobalSection
EndGlobal
